# This file is automatically @generated by Cargo.
# It is not intended for manual editing.
version = 3

[[package]]
name = "filedesc"
version = "0.1.0"
source = "registry+https://github.com/rust-lang/crates.io-index"
checksum = "b756e4aa03e389900cdd8520b5ea1903a003740adfe885905d5b0495c8371180"
dependencies = [
 "libc",
]

[[package]]
name = "libc"
version = "0.2.171"
source = "registry+https://github.com/rust-lang/crates.io-index"
checksum = "c19937216e9d3aa9956d9bb8dfc0b0c8beb6058fc4f7a4dc4d850edf86a237d6"

[[package]]
name = "posix-socket"
version = "0.2.0"
source = "registry+https://github.com/rust-lang/crates.io-index"
checksum = "57417f61178ba4f4baf8cc58fbbdf23bf1bffa2dc701b8306df2f2ce9cc95273"
dependencies = [
 "filedesc",
 "libc",
]

[[package]]
name = "udp-auth-client"
version = "0.1.0"
dependencies = [
 "posix-socket",
]
